
Microsoft Visual Studio Solution File, Format Version 12.00
# Visual Studio Version 16
VisualStudioVersion = 16.0.28922.388
MinimumVisualStudioVersion = 10.0.40219.1
Project("{FAE04EC0-301F-11D3-BF4B-00C04F79EFBC}") = "Observer", "Observer\Observer.csproj", "{EDE63BEA-DB5E-4156-ACA9-A59B4A9BAFAB}"
EndProject
Global
	GlobalSection(SolutionConfigurationPlatforms) = preSolution
		Debug|Any CPU = Debug|Any CPU
		Release|Any CPU = Release|Any CPU
	EndGlobalSection
	GlobalSection(ProjectConfigurationPlatforms) = postSolution
		{EDE63BEA-DB5E-4156-ACA9-A59B4A9BAFAB}.Debug|Any CPU.ActiveCfg = Debug|Any CPU
		{EDE63BEA-DB5E-4156-ACA9-A59B4A9BAFAB}.Debug|Any CPU.Build.0 = Debug|Any CPU
		{EDE63BEA-DB5E-4156-ACA9-A59B4A9BAFAB}.Release|Any CPU.ActiveCfg = Release|Any CPU
		{EDE63BEA-DB5E-4156-ACA9-A59B4A9BAFAB}.Release|Any CPU.Build.0 = Release|Any CPU
	EndGlobalSection
	GlobalSection(SolutionProperties) = preSolution
		HideSolutionNode = FALSE
	EndGlobalSection
	GlobalSection(ExtensibilityGlobals) = postSolution
		SolutionGuid = {39909B3D-CEE4-4C25-A3DF-E5C09C398F49}
	EndGlobalSection
EndGlobal
